<?xml version="1.0" encoding="utf-8"?>
<Project ToolsVersion="4.0" xmlns="http://schemas.microsoft.com/developer/msbuild/2003">
  <ItemGroup>
    <Filter Include="헤더 파일">
      <UniqueIdentifier>{93995380-89BD-4b04-88EB-625FBE52EBFB}</UniqueIdentifier>
      <Extensions>h;hh;hpp;hxx;h++;hm;inl;inc;ipp;xsd</Extensions>
    </Filter>
    <Filter Include="리소스 파일">
      <UniqueIdentifier>{67DA6AB6-F800-4c08-8B7A-83BB121AAD01}</UniqueIdentifier>
      <Extensions>rc;ico;cur;bmp;dlg;rc2;rct;bin;rgs;gif;jpg;jpeg;jpe;resx;tiff;tif;png;wav;mfcribbon-ms</Extensions>
    </Filter>
  </ItemGroup>
  <ItemGroup>
    <ClInclude Include="console.h">
      <Filter>헤더 파일</Filter>
    </ClInclude>
    <ClInclude Include="mci.h">
      <Filter>헤더 파일</Filter>
    </ClInclude>
    <ClInclude Include="TitleScene.h">
      <Filter>헤더 파일</Filter>
    </ClInclude>
    <ClInclude Include="Block.h">
      <Filter>헤더 파일</Filter>
    </ClInclude>
    <ClInclude Include="BlockManager.h">
      <Filter>헤더 파일</Filter>
    </ClInclude>
    <ClInclude Include="Core.h">
      <Filter>헤더 파일</Filter>
    </ClInclude>
    <ClInclude Include="define.h">
      <Filter>헤더 파일</Filter>
    </ClInclude>
    <ClInclude Include="Object.h">
      <Filter>헤더 파일</Filter>
    </ClInclude>
    <ClInclude Include="Player.h">
      <Filter>헤더 파일</Filter>
    </ClInclude>
    <ClInclude Include="MapManager.h">
      <Filter>헤더 파일</Filter>
    </ClInclude>
    <ClInclude Include="WaterManager.h">
      <Filter>헤더 파일</Filter>
    </ClInclude>
    <ClInclude Include="DeadScene.h">
      <Filter>헤더 파일</Filter>
    </ClInclude>
  </ItemGroup>
  <ItemGroup>
    <ClCompile Include="Block.cpp">
      <Filter>리소스 파일</Filter>
    </ClCompile>
    <ClCompile Include="BlockManager.cpp">
      <Filter>리소스 파일</Filter>
    </ClCompile>
    <ClCompile Include="BlockManagerCore.cpp">
      <Filter>리소스 파일</Filter>
    </ClCompile>
    <ClCompile Include="console.cpp">
      <Filter>리소스 파일</Filter>
    </ClCompile>
    <ClCompile Include="Core.cpp">
      <Filter>리소스 파일</Filter>
    </ClCompile>
    <ClCompile Include="DeadScene.cpp">
      <Filter>리소스 파일</Filter>
    </ClCompile>
    <ClCompile Include="main.cpp">
      <Filter>리소스 파일</Filter>
    </ClCompile>
    <ClCompile Include="MapManager.cpp">
      <Filter>리소스 파일</Filter>
    </ClCompile>
    <ClCompile Include="mci.cpp">
      <Filter>리소스 파일</Filter>
    </ClCompile>
    <ClCompile Include="Object.cpp">
      <Filter>리소스 파일</Filter>
    </ClCompile>
    <ClCompile Include="Player.cpp">
      <Filter>리소스 파일</Filter>
    </ClCompile>
    <ClCompile Include="TitleScene.cpp">
      <Filter>리소스 파일</Filter>
    </ClCompile>
    <ClCompile Include="WaterManager.cpp">
      <Filter>리소스 파일</Filter>
    </ClCompile>
  </ItemGroup>
</Project>